
Microsoft Visual Studio Solution File, Format Version 12.00
# Visual Studio Version 17
VisualStudioVersion = 17.6.33712.159
MinimumVisualStudioVersion = 10.0.40219.1
Project("{9A19103F-16F7-4668-BE54-9A1E7A4F7556}") = "DigiShop.Models", "DigiShop.Models\DigiShop.Models.csproj", "{57806F70-3654-4313-92DB-A2DB6B8BB44A}"
EndProject
Project("{FAE04EC0-301F-11D3-BF4B-00C04F79EFBC}") = "DigiShop.UI.Web", "DigiShop.UI.Web\DigiShop.UI.Web.csproj", "{29869401-21E7-4FF0-8FE0-16EAC7E34644}"
EndProject
Project("{9A19103F-16F7-4668-BE54-9A1E7A4F7556}") = "DigiShop.DAL", "DigiShop.DAL\DigiShop.DAL.csproj", "{5551E250-1416-4A38-8F45-2B9066E0291B}"
EndProject
Project("{9A19103F-16F7-4668-BE54-9A1E7A4F7556}") = "DigiShop.BLL", "DigiShop.BLL\DigiShop.BLL.csproj", "{4B4365B8-617D-4420-ACC3-315218310580}"
EndProject
Project("{FAE04EC0-301F-11D3-BF4B-00C04F79EFBC}") = "DigiShop.Test", "DigiShop.Test\DigiShop.Test.csproj", "{EBB3AC4D-6158-4650-8599-C96EC3B17382}"
EndProject
Global
	GlobalSection(SolutionConfigurationPlatforms) = preSolution
		Debug|Any CPU = Debug|Any CPU
		Release|Any CPU = Release|Any CPU
	EndGlobalSection
	GlobalSection(ProjectConfigurationPlatforms) = postSolution
		{57806F70-3654-4313-92DB-A2DB6B8BB44A}.Debug|Any CPU.ActiveCfg = Debug|Any CPU
		{57806F70-3654-4313-92DB-A2DB6B8BB44A}.Debug|Any CPU.Build.0 = Debug|Any CPU
		{57806F70-3654-4313-92DB-A2DB6B8BB44A}.Release|Any CPU.ActiveCfg = Release|Any CPU
		{57806F70-3654-4313-92DB-A2DB6B8BB44A}.Release|Any CPU.Build.0 = Release|Any CPU
		{29869401-21E7-4FF0-8FE0-16EAC7E34644}.Debug|Any CPU.ActiveCfg = Debug|Any CPU
		{29869401-21E7-4FF0-8FE0-16EAC7E34644}.Debug|Any CPU.Build.0 = Debug|Any CPU
		{29869401-21E7-4FF0-8FE0-16EAC7E34644}.Release|Any CPU.ActiveCfg = Release|Any CPU
		{29869401-21E7-4FF0-8FE0-16EAC7E34644}.Release|Any CPU.Build.0 = Release|Any CPU
		{5551E250-1416-4A38-8F45-2B9066E0291B}.Debug|Any CPU.ActiveCfg = Debug|Any CPU
		{5551E250-1416-4A38-8F45-2B9066E0291B}.Debug|Any CPU.Build.0 = Debug|Any CPU
		{5551E250-1416-4A38-8F45-2B9066E0291B}.Release|Any CPU.ActiveCfg = Release|Any CPU
		{5551E250-1416-4A38-8F45-2B9066E0291B}.Release|Any CPU.Build.0 = Release|Any CPU
		{4B4365B8-617D-4420-ACC3-315218310580}.Debug|Any CPU.ActiveCfg = Debug|Any CPU
		{4B4365B8-617D-4420-ACC3-315218310580}.Debug|Any CPU.Build.0 = Debug|Any CPU
		{4B4365B8-617D-4420-ACC3-315218310580}.Release|Any CPU.ActiveCfg = Release|Any CPU
		{4B4365B8-617D-4420-ACC3-315218310580}.Release|Any CPU.Build.0 = Release|Any CPU
		{EBB3AC4D-6158-4650-8599-C96EC3B17382}.Debug|Any CPU.ActiveCfg = Debug|Any CPU
		{EBB3AC4D-6158-4650-8599-C96EC3B17382}.Debug|Any CPU.Build.0 = Debug|Any CPU
		{EBB3AC4D-6158-4650-8599-C96EC3B17382}.Release|Any CPU.ActiveCfg = Release|Any CPU
		{EBB3AC4D-6158-4650-8599-C96EC3B17382}.Release|Any CPU.Build.0 = Release|Any CPU
	EndGlobalSection
	GlobalSection(SolutionProperties) = preSolution
		HideSolutionNode = FALSE
	EndGlobalSection
	GlobalSection(ExtensibilityGlobals) = postSolution
		SolutionGuid = {FECC43F2-9DFE-4899-AD2B-9AE9DB57C444}
	EndGlobalSection
EndGlobal
